
Microsoft Visual Studio Solution File, Format Version 12.00
# Visual Studio 15
VisualStudioVersion = 15.0.28010.2050
MinimumVisualStudioVersion = 10.0.40219.1
Project("{FAE04EC0-301F-11D3-BF4B-00C04F79EFBC}") = "BubbleSort", "BubbleSort\BubbleSort.csproj", "{7661410A-4CA1-4203-9989-FFC17F7125AB}"
EndProject
Project("{FAE04EC0-301F-11D3-BF4B-00C04F79EFBC}") = "Palindrome", "Palindrome\Palindrome.csproj", "{850FE3F6-8EB3-44C3-AC8B-ACCF27C2200A}"
EndProject
Project("{FAE04EC0-301F-11D3-BF4B-00C04F79EFBC}") = "ArrayAverage", "ArrayAverage\ArrayAverage.csproj", "{F3E75219-00EF-48E0-9AFB-4DB7F358FAD1}"
EndProject
Project("{FAE04EC0-301F-11D3-BF4B-00C04F79EFBC}") = "Array_Reverse", "Array_Reverse\Array_Reverse.csproj", "{E04E9B7F-9861-4E36-83FB-2944835D4665}"
EndProject
Project("{FAE04EC0-301F-11D3-BF4B-00C04F79EFBC}") = "Array_AnyDuplicate", "Array_AnyDuplicate\Array_AnyDuplicate.csproj", "{2DAF14E6-CC65-42EB-881D-3A271CED6911}"
EndProject
Project("{FAE04EC0-301F-11D3-BF4B-00C04F79EFBC}") = "LGBT_Classifier", "LGBT_Classifier\LGBT_Classifier.csproj", "{142A198C-D202-4B58-94CD-D1B9219832AF}"
EndProject
Project("{FAE04EC0-301F-11D3-BF4B-00C04F79EFBC}") = "FizzBuzz", "FizzBuzz\FizzBuzz.csproj", "{617FFC89-0A0B-4D59-B5EE-48F24093BDA9}"
EndProject
Project("{FAE04EC0-301F-11D3-BF4B-00C04F79EFBC}") = "Factorial", "Factorial\Factorial.csproj", "{D0E7E4F5-0A54-46B6-834A-C7AB5B5329F8}"
EndProject
Project("{FAE04EC0-301F-11D3-BF4B-00C04F79EFBC}") = "IsMammal", "IsMammal\IsMammal.csproj", "{AE434C05-0804-41A1-95B6-86F52294D436}"
EndProject
Project("{FAE04EC0-301F-11D3-BF4B-00C04F79EFBC}") = "MargaretHamilton", "MargaretHamilton\MargaretHamilton.csproj", "{27DD3AC8-8D93-4BC5-92F5-D75028D86489}"
EndProject
Project("{FAE04EC0-301F-11D3-BF4B-00C04F79EFBC}") = "SimpleDeepFryer", "SimpleDeepFryer\SimpleDeepFryer.csproj", "{E9845158-0F27-42CB-BE4C-0E4C9CF8B988}"
EndProject
Project("{FAE04EC0-301F-11D3-BF4B-00C04F79EFBC}") = "SimpleNoodleCooker", "SimpleNoodleCooker\SimpleNoodleCooker.csproj", "{D7FBD8F1-6EAF-4C04-8A8D-71BCF15773F3}"
EndProject
Project("{FAE04EC0-301F-11D3-BF4B-00C04F79EFBC}") = "LoginPasswordCheck", "LoginPasswordCheck\LoginPasswordCheck.csproj", "{26B3F82B-61AA-49B0-8A51-F9569B3D9A3D}"
EndProject
Project("{FAE04EC0-301F-11D3-BF4B-00C04F79EFBC}") = "BinarySearch", "BinarySearch\BinarySearch.csproj", "{C6E2E4F1-5AB7-45E0-9A1F-B4F211EA965A}"
EndProject
Project("{FAE04EC0-301F-11D3-BF4B-00C04F79EFBC}") = "Struct_Introduction", "Struct_Introduction\Struct_Introduction.csproj", "{0693708B-4CB7-4406-B4E1-580999FDBD2F}"
EndProject
Global
	GlobalSection(SolutionConfigurationPlatforms) = preSolution
		Debug|Any CPU = Debug|Any CPU
		Release|Any CPU = Release|Any CPU
	EndGlobalSection
	GlobalSection(ProjectConfigurationPlatforms) = postSolution
		{7661410A-4CA1-4203-9989-FFC17F7125AB}.Debug|Any CPU.ActiveCfg = Debug|Any CPU
		{7661410A-4CA1-4203-9989-FFC17F7125AB}.Debug|Any CPU.Build.0 = Debug|Any CPU
		{7661410A-4CA1-4203-9989-FFC17F7125AB}.Release|Any CPU.ActiveCfg = Release|Any CPU
		{7661410A-4CA1-4203-9989-FFC17F7125AB}.Release|Any CPU.Build.0 = Release|Any CPU
		{850FE3F6-8EB3-44C3-AC8B-ACCF27C2200A}.Debug|Any CPU.ActiveCfg = Debug|Any CPU
		{850FE3F6-8EB3-44C3-AC8B-ACCF27C2200A}.Debug|Any CPU.Build.0 = Debug|Any CPU
		{850FE3F6-8EB3-44C3-AC8B-ACCF27C2200A}.Release|Any CPU.ActiveCfg = Release|Any CPU
		{850FE3F6-8EB3-44C3-AC8B-ACCF27C2200A}.Release|Any CPU.Build.0 = Release|Any CPU
		{F3E75219-00EF-48E0-9AFB-4DB7F358FAD1}.Debug|Any CPU.ActiveCfg = Debug|Any CPU
		{F3E75219-00EF-48E0-9AFB-4DB7F358FAD1}.Debug|Any CPU.Build.0 = Debug|Any CPU
		{F3E75219-00EF-48E0-9AFB-4DB7F358FAD1}.Release|Any CPU.ActiveCfg = Release|Any CPU
		{F3E75219-00EF-48E0-9AFB-4DB7F358FAD1}.Release|Any CPU.Build.0 = Release|Any CPU
		{E04E9B7F-9861-4E36-83FB-2944835D4665}.Debug|Any CPU.ActiveCfg = Debug|Any CPU
		{E04E9B7F-9861-4E36-83FB-2944835D4665}.Debug|Any CPU.Build.0 = Debug|Any CPU
		{E04E9B7F-9861-4E36-83FB-2944835D4665}.Release|Any CPU.ActiveCfg = Release|Any CPU
		{E04E9B7F-9861-4E36-83FB-2944835D4665}.Release|Any CPU.Build.0 = Release|Any CPU
		{2DAF14E6-CC65-42EB-881D-3A271CED6911}.Debug|Any CPU.ActiveCfg = Debug|Any CPU
		{2DAF14E6-CC65-42EB-881D-3A271CED6911}.Debug|Any CPU.Build.0 = Debug|Any CPU
		{2DAF14E6-CC65-42EB-881D-3A271CED6911}.Release|Any CPU.ActiveCfg = Release|Any CPU
		{2DAF14E6-CC65-42EB-881D-3A271CED6911}.Release|Any CPU.Build.0 = Release|Any CPU
		{142A198C-D202-4B58-94CD-D1B9219832AF}.Debug|Any CPU.ActiveCfg = Debug|Any CPU
		{142A198C-D202-4B58-94CD-D1B9219832AF}.Debug|Any CPU.Build.0 = Debug|Any CPU
		{142A198C-D202-4B58-94CD-D1B9219832AF}.Release|Any CPU.ActiveCfg = Release|Any CPU
		{142A198C-D202-4B58-94CD-D1B9219832AF}.Release|Any CPU.Build.0 = Release|Any CPU
		{617FFC89-0A0B-4D59-B5EE-48F24093BDA9}.Debug|Any CPU.ActiveCfg = Debug|Any CPU
		{617FFC89-0A0B-4D59-B5EE-48F24093BDA9}.Debug|Any CPU.Build.0 = Debug|Any CPU
		{617FFC89-0A0B-4D59-B5EE-48F24093BDA9}.Release|Any CPU.ActiveCfg = Release|Any CPU
		{617FFC89-0A0B-4D59-B5EE-48F24093BDA9}.Release|Any CPU.Build.0 = Release|Any CPU
		{D0E7E4F5-0A54-46B6-834A-C7AB5B5329F8}.Debug|Any CPU.ActiveCfg = Debug|Any CPU
		{D0E7E4F5-0A54-46B6-834A-C7AB5B5329F8}.Debug|Any CPU.Build.0 = Debug|Any CPU
		{D0E7E4F5-0A54-46B6-834A-C7AB5B5329F8}.Release|Any CPU.ActiveCfg = Release|Any CPU
		{D0E7E4F5-0A54-46B6-834A-C7AB5B5329F8}.Release|Any CPU.Build.0 = Release|Any CPU
		{AE434C05-0804-41A1-95B6-86F52294D436}.Debug|Any CPU.ActiveCfg = Debug|Any CPU
		{AE434C05-0804-41A1-95B6-86F52294D436}.Debug|Any CPU.Build.0 = Debug|Any CPU
		{AE434C05-0804-41A1-95B6-86F52294D436}.Release|Any CPU.ActiveCfg = Release|Any CPU
		{AE434C05-0804-41A1-95B6-86F52294D436}.Release|Any CPU.Build.0 = Release|Any CPU
		{27DD3AC8-8D93-4BC5-92F5-D75028D86489}.Debug|Any CPU.ActiveCfg = Debug|Any CPU
		{27DD3AC8-8D93-4BC5-92F5-D75028D86489}.Debug|Any CPU.Build.0 = Debug|Any CPU
		{27DD3AC8-8D93-4BC5-92F5-D75028D86489}.Release|Any CPU.ActiveCfg = Release|Any CPU
		{27DD3AC8-8D93-4BC5-92F5-D75028D86489}.Release|Any CPU.Build.0 = Release|Any CPU
		{E9845158-0F27-42CB-BE4C-0E4C9CF8B988}.Debug|Any CPU.ActiveCfg = Debug|Any CPU
		{E9845158-0F27-42CB-BE4C-0E4C9CF8B988}.Debug|Any CPU.Build.0 = Debug|Any CPU
		{E9845158-0F27-42CB-BE4C-0E4C9CF8B988}.Release|Any CPU.ActiveCfg = Release|Any CPU
		{E9845158-0F27-42CB-BE4C-0E4C9CF8B988}.Release|Any CPU.Build.0 = Release|Any CPU
		{D7FBD8F1-6EAF-4C04-8A8D-71BCF15773F3}.Debug|Any CPU.ActiveCfg = Debug|Any CPU
		{D7FBD8F1-6EAF-4C04-8A8D-71BCF15773F3}.Debug|Any CPU.Build.0 = Debug|Any CPU
		{D7FBD8F1-6EAF-4C04-8A8D-71BCF15773F3}.Release|Any CPU.ActiveCfg = Release|Any CPU
		{D7FBD8F1-6EAF-4C04-8A8D-71BCF15773F3}.Release|Any CPU.Build.0 = Release|Any CPU
		{26B3F82B-61AA-49B0-8A51-F9569B3D9A3D}.Debug|Any CPU.ActiveCfg = Debug|Any CPU
		{26B3F82B-61AA-49B0-8A51-F9569B3D9A3D}.Debug|Any CPU.Build.0 = Debug|Any CPU
		{26B3F82B-61AA-49B0-8A51-F9569B3D9A3D}.Release|Any CPU.ActiveCfg = Release|Any CPU
		{26B3F82B-61AA-49B0-8A51-F9569B3D9A3D}.Release|Any CPU.Build.0 = Release|Any CPU
		{C6E2E4F1-5AB7-45E0-9A1F-B4F211EA965A}.Debug|Any CPU.ActiveCfg = Debug|Any CPU
		{C6E2E4F1-5AB7-45E0-9A1F-B4F211EA965A}.Debug|Any CPU.Build.0 = Debug|Any CPU
		{C6E2E4F1-5AB7-45E0-9A1F-B4F211EA965A}.Release|Any CPU.ActiveCfg = Release|Any CPU
		{C6E2E4F1-5AB7-45E0-9A1F-B4F211EA965A}.Release|Any CPU.Build.0 = Release|Any CPU
		{0693708B-4CB7-4406-B4E1-580999FDBD2F}.Debug|Any CPU.ActiveCfg = Debug|Any CPU
		{0693708B-4CB7-4406-B4E1-580999FDBD2F}.Debug|Any CPU.Build.0 = Debug|Any CPU
		{0693708B-4CB7-4406-B4E1-580999FDBD2F}.Release|Any CPU.ActiveCfg = Release|Any CPU
		{0693708B-4CB7-4406-B4E1-580999FDBD2F}.Release|Any CPU.Build.0 = Release|Any CPU
	EndGlobalSection
	GlobalSection(SolutionProperties) = preSolution
		HideSolutionNode = FALSE
	EndGlobalSection
	GlobalSection(ExtensibilityGlobals) = postSolution
		SolutionGuid = {967CB6F8-1DA4-4841-A181-C7C23604253E}
	EndGlobalSection
EndGlobal
